dependencies:
  idf:
    source:
      type: idf
    version: 5.5.1
  joltwallet/littlefs:
    component_hash: 29eff7921c4e8bce021aeb7fff2723bfcafed661756de700646ea0f6223c2a32
    dependencies:
    - name: idf
      require: private
      version: '>=5.0'
    source:
      registry_url: https://components.espressif.com/
      type: service
    version: 1.21.1
direct_dependencies:
- idf
- joltwallet/littlefs
manifest_hash: 7dbb383bba492225ed5c29d32d1ac06a36e556a8baf815654d32ce4bd705e0e7
target: esp32
version: 2.0.0
